<?xml version="1.0" encoding="utf-8"?>
<Project ToolsVersion="4.0" xmlns="http://schemas.microsoft.com/developer/msbuild/2003">
  <ItemGroup>
    <ClCompile Include="Enemy.cpp" />
    <ClCompile Include="GameMain.cpp" />
    <ClCompile Include="Player.cpp" />
    <ClCompile Include="Soldier.cpp" />
    <ClCompile Include="Bullet.cpp" />
  </ItemGroup>
  <ItemGroup>
    <ClInclude Include="Enemy.h" />
    <ClInclude Include="Entity.h" />
    <ClInclude Include="Player.h" />
    <ClInclude Include="Soldier.h" />
    <ClInclude Include="Bullet.h" />
  </ItemGroup>
</Project>